
Microsoft Visual Studio Solution File, Format Version 12.00
# Visual Studio Version 17
VisualStudioVersion = 17.4.32916.344
MinimumVisualStudioVersion = 10.0.40219.1
Project("{FAE04EC0-301F-11D3-BF4B-00C04F79EFBC}") = "dotnet2md", "src\dotnet2md.csproj", "{5C54ED15-5C19-40B2-9CE0-62AF5355FC87}"
EndProject
Global
	GlobalSection(SolutionConfigurationPlatforms) = preSolution
		Debug|Any CPU = Debug|Any CPU
		Release|Any CPU = Release|Any CPU
	EndGlobalSection
	GlobalSection(ProjectConfigurationPlatforms) = postSolution
		{5C54ED15-5C19-40B2-9CE0-62AF5355FC87}.Debug|Any CPU.ActiveCfg = Debug|Any CPU
		{5C54ED15-5C19-40B2-9CE0-62AF5355FC87}.Debug|Any CPU.Build.0 = Debug|Any CPU
		{5C54ED15-5C19-40B2-9CE0-62AF5355FC87}.Release|Any CPU.ActiveCfg = Release|Any CPU
		{5C54ED15-5C19-40B2-9CE0-62AF5355FC87}.Release|Any CPU.Build.0 = Release|Any CPU
	EndGlobalSection
	GlobalSection(SolutionProperties) = preSolution
		HideSolutionNode = FALSE
	EndGlobalSection
	GlobalSection(ExtensibilityGlobals) = postSolution
		SolutionGuid = {F8B5C7B7-775C-490D-825D-64265DA7F88B}
	EndGlobalSection
EndGlobal
